
Microsoft Visual Studio Solution File, Format Version 12.00
# Visual Studio Version 17
VisualStudioVersion = 17.7.34031.279
MinimumVisualStudioVersion = 10.0.40219.1
Project("{FAE04EC0-301F-11D3-BF4B-00C04F79EFBC}") = "DeveloperUtilsLibrary", "DeveloperUtilsLibrary\DeveloperUtilsLibrary.csproj", "{D6933E3C-23E7-43E3-9A61-914CA831D771}"
EndProject
Global
	GlobalSection(SolutionConfigurationPlatforms) = preSolution
		Debug|Any CPU = Debug|Any CPU
		Release|Any CPU = Release|Any CPU
	EndGlobalSection
	GlobalSection(ProjectConfigurationPlatforms) = postSolution
		{D6933E3C-23E7-43E3-9A61-914CA831D771}.Debug|Any CPU.ActiveCfg = Debug|Any CPU
		{D6933E3C-23E7-43E3-9A61-914CA831D771}.Debug|Any CPU.Build.0 = Debug|Any CPU
		{D6933E3C-23E7-43E3-9A61-914CA831D771}.Release|Any CPU.ActiveCfg = Release|Any CPU
		{D6933E3C-23E7-43E3-9A61-914CA831D771}.Release|Any CPU.Build.0 = Release|Any CPU
	EndGlobalSection
	GlobalSection(SolutionProperties) = preSolution
		HideSolutionNode = FALSE
	EndGlobalSection
	GlobalSection(ExtensibilityGlobals) = postSolution
		SolutionGuid = {DF5E2C22-AE5E-499A-922F-DD16CAA44026}
	EndGlobalSection
EndGlobal
